{
    "requires": true,
    "lockfileVersion": 1,
    "dependencies": {
        "sweetalert2": {
            "version": "10.12.5",
            "resolved": "https://registry.npmjs.org/sweetalert2/-/sweetalert2-10.12.5.tgz",
            "integrity": "sha512-AyHHvwIIkelpfTLAKb3RDdOJv5rXoKGfMzcWr9lx6EEK/PnRU3bZosvnJavXgf2f5Uaz+N3KlqtDOgLVdi33hA=="
        }
    }
}
